
Microsoft Visual Studio Solution File, Format Version 12.00
# Visual Studio 14
VisualStudioVersion = 14.0.23107.0
MinimumVisualStudioVersion = 10.0.40219.1
Project("{FAE04EC0-301F-11D3-BF4B-00C04F79EFBC}") = "1.FriendsOfPesho", "1.FriendsOfPesho\1.FriendsOfPesho.csproj", "{6BEFF2B1-668D-40F7-949D-103E72CF4DD7}"
EndProject
Project("{FAE04EC0-301F-11D3-BF4B-00C04F79EFBC}") = "2.Salaries", "2.Salaries\2.Salaries.csproj", "{41DEE207-2DCF-48C1-848F-1152E1E3ED47}"
EndProject
Global
	GlobalSection(SolutionConfigurationPlatforms) = preSolution
		Debug|Any CPU = Debug|Any CPU
		Release|Any CPU = Release|Any CPU
	EndGlobalSection
	GlobalSection(ProjectConfigurationPlatforms) = postSolution
		{6BEFF2B1-668D-40F7-949D-103E72CF4DD7}.Debug|Any CPU.ActiveCfg = Debug|Any CPU
		{6BEFF2B1-668D-40F7-949D-103E72CF4DD7}.Debug|Any CPU.Build.0 = Debug|Any CPU
		{6BEFF2B1-668D-40F7-949D-103E72CF4DD7}.Release|Any CPU.ActiveCfg = Release|Any CPU
		{6BEFF2B1-668D-40F7-949D-103E72CF4DD7}.Release|Any CPU.Build.0 = Release|Any CPU
		{41DEE207-2DCF-48C1-848F-1152E1E3ED47}.Debug|Any CPU.ActiveCfg = Debug|Any CPU
		{41DEE207-2DCF-48C1-848F-1152E1E3ED47}.Debug|Any CPU.Build.0 = Debug|Any CPU
		{41DEE207-2DCF-48C1-848F-1152E1E3ED47}.Release|Any CPU.ActiveCfg = Release|Any CPU
		{41DEE207-2DCF-48C1-848F-1152E1E3ED47}.Release|Any CPU.Build.0 = Release|Any CPU
	EndGlobalSection
	GlobalSection(SolutionProperties) = preSolution
		HideSolutionNode = FALSE
	EndGlobalSection
EndGlobal
