
Microsoft Visual Studio Solution File, Format Version 12.00
# Visual Studio 2013
VisualStudioVersion = 12.0.21005.1
MinimumVisualStudioVersion = 10.0.40219.1
Project("{FAE04EC0-301F-11D3-BF4B-00C04F79EFBC}") = "1.HTML Tables", "1.HTML Tables\1.HTML Tables.csproj", "{3DC98740-453A-4FD3-ABC8-E105EF3F6296}"
EndProject
Project("{FAE04EC0-301F-11D3-BF4B-00C04F79EFBC}") = "2. HTML Form", "2. HTML Form\2. HTML Form.csproj", "{A371A4B2-EB06-4D39-9C12-B27C2A5427FC}"
EndProject
Project("{FAE04EC0-301F-11D3-BF4B-00C04F79EFBC}") = "3. Calculator", "3. Calculator\3. Calculator.csproj", "{46DBEE5B-99F8-408D-A27B-EDE727FC3089}"
EndProject
Global
	GlobalSection(SolutionConfigurationPlatforms) = preSolution
		Debug|Any CPU = Debug|Any CPU
		Release|Any CPU = Release|Any CPU
	EndGlobalSection
	GlobalSection(ProjectConfigurationPlatforms) = postSolution
		{3DC98740-453A-4FD3-ABC8-E105EF3F6296}.Debug|Any CPU.ActiveCfg = Debug|Any CPU
		{3DC98740-453A-4FD3-ABC8-E105EF3F6296}.Debug|Any CPU.Build.0 = Debug|Any CPU
		{3DC98740-453A-4FD3-ABC8-E105EF3F6296}.Release|Any CPU.ActiveCfg = Release|Any CPU
		{3DC98740-453A-4FD3-ABC8-E105EF3F6296}.Release|Any CPU.Build.0 = Release|Any CPU
		{A371A4B2-EB06-4D39-9C12-B27C2A5427FC}.Debug|Any CPU.ActiveCfg = Debug|Any CPU
		{A371A4B2-EB06-4D39-9C12-B27C2A5427FC}.Debug|Any CPU.Build.0 = Debug|Any CPU
		{A371A4B2-EB06-4D39-9C12-B27C2A5427FC}.Release|Any CPU.ActiveCfg = Release|Any CPU
		{A371A4B2-EB06-4D39-9C12-B27C2A5427FC}.Release|Any CPU.Build.0 = Release|Any CPU
		{46DBEE5B-99F8-408D-A27B-EDE727FC3089}.Debug|Any CPU.ActiveCfg = Debug|Any CPU
		{46DBEE5B-99F8-408D-A27B-EDE727FC3089}.Debug|Any CPU.Build.0 = Debug|Any CPU
		{46DBEE5B-99F8-408D-A27B-EDE727FC3089}.Release|Any CPU.ActiveCfg = Release|Any CPU
		{46DBEE5B-99F8-408D-A27B-EDE727FC3089}.Release|Any CPU.Build.0 = Release|Any CPU
	EndGlobalSection
	GlobalSection(SolutionProperties) = preSolution
		HideSolutionNode = FALSE
	EndGlobalSection
EndGlobal
