
Microsoft Visual Studio Solution File, Format Version 12.00
# Visual Studio 2013
VisualStudioVersion = 12.0.31101.0
MinimumVisualStudioVersion = 10.0.40219.1
Project("{F088123C-0E9E-452A-89E6-6BA2F21D5CAC}") = "Structural patterns", "Structural patterns\Structural patterns.modelproj", "{F6FE7D40-BE88-4056-A3FC-E896E1E1A1E7}"
EndProject
Project("{FAE04EC0-301F-11D3-BF4B-00C04F79EFBC}") = "Structural patterns - Facade", "Structural patterns - Facade\Structural patterns - Facade.csproj", "{09B8DAB2-EB6F-4315-9C3D-FC1FC6CE0375}"
EndProject
Project("{FAE04EC0-301F-11D3-BF4B-00C04F79EFBC}") = "Structural patterns - Composite", "Structural patterns - Composite\Structural patterns - Composite.csproj", "{61C600D9-FD85-4D48-8614-747BD54A0BAD}"
EndProject
Project("{FAE04EC0-301F-11D3-BF4B-00C04F79EFBC}") = "Structural patterns - Proxy", "Structural patterns - Proxy\Structural patterns - Proxy.csproj", "{010DD498-5A8D-45A0-9A20-0CACA2196A16}"
EndProject
Global
	GlobalSection(SolutionConfigurationPlatforms) = preSolution
		Debug|Any CPU = Debug|Any CPU
		Release|Any CPU = Release|Any CPU
	EndGlobalSection
	GlobalSection(ProjectConfigurationPlatforms) = postSolution
		{F6FE7D40-BE88-4056-A3FC-E896E1E1A1E7}.Debug|Any CPU.ActiveCfg = Debug|Any CPU
		{F6FE7D40-BE88-4056-A3FC-E896E1E1A1E7}.Debug|Any CPU.Build.0 = Debug|Any CPU
		{F6FE7D40-BE88-4056-A3FC-E896E1E1A1E7}.Release|Any CPU.ActiveCfg = Release|Any CPU
		{F6FE7D40-BE88-4056-A3FC-E896E1E1A1E7}.Release|Any CPU.Build.0 = Release|Any CPU
		{09B8DAB2-EB6F-4315-9C3D-FC1FC6CE0375}.Debug|Any CPU.ActiveCfg = Debug|Any CPU
		{09B8DAB2-EB6F-4315-9C3D-FC1FC6CE0375}.Debug|Any CPU.Build.0 = Debug|Any CPU
		{09B8DAB2-EB6F-4315-9C3D-FC1FC6CE0375}.Release|Any CPU.ActiveCfg = Release|Any CPU
		{09B8DAB2-EB6F-4315-9C3D-FC1FC6CE0375}.Release|Any CPU.Build.0 = Release|Any CPU
		{61C600D9-FD85-4D48-8614-747BD54A0BAD}.Debug|Any CPU.ActiveCfg = Debug|Any CPU
		{61C600D9-FD85-4D48-8614-747BD54A0BAD}.Debug|Any CPU.Build.0 = Debug|Any CPU
		{61C600D9-FD85-4D48-8614-747BD54A0BAD}.Release|Any CPU.ActiveCfg = Release|Any CPU
		{61C600D9-FD85-4D48-8614-747BD54A0BAD}.Release|Any CPU.Build.0 = Release|Any CPU
		{010DD498-5A8D-45A0-9A20-0CACA2196A16}.Debug|Any CPU.ActiveCfg = Debug|Any CPU
		{010DD498-5A8D-45A0-9A20-0CACA2196A16}.Debug|Any CPU.Build.0 = Debug|Any CPU
		{010DD498-5A8D-45A0-9A20-0CACA2196A16}.Release|Any CPU.ActiveCfg = Release|Any CPU
		{010DD498-5A8D-45A0-9A20-0CACA2196A16}.Release|Any CPU.Build.0 = Release|Any CPU
	EndGlobalSection
	GlobalSection(SolutionProperties) = preSolution
		HideSolutionNode = FALSE
	EndGlobalSection
EndGlobal
