
Microsoft Visual Studio Solution File, Format Version 12.00
# Visual Studio 14
VisualStudioVersion = 14.0.23107.0
MinimumVisualStudioVersion = 10.0.40219.1
Project("{FAE04EC0-301F-11D3-BF4B-00C04F79EFBC}") = "1. SimplePage", "01.SimplePage\1. SimplePage.csproj", "{87B96248-9C27-4243-8992-17D7AEB525F6}"
EndProject
Project("{FAE04EC0-301F-11D3-BF4B-00C04F79EFBC}") = "2.WebFormsApp", "02.WebFormsApp\2.WebFormsApp.csproj", "{75D16AF6-C430-42A4-9F61-263A5BF008DE}"
EndProject
Project("{FAE04EC0-301F-11D3-BF4B-00C04F79EFBC}") = "3.Page lifecycle events", "03. Page lifecycle events\3.Page lifecycle events.csproj", "{FEC8A9E4-3B47-460C-A065-82EF3A6B9B46}"
EndProject
Global
	GlobalSection(SolutionConfigurationPlatforms) = preSolution
		Debug|Any CPU = Debug|Any CPU
		Release|Any CPU = Release|Any CPU
	EndGlobalSection
	GlobalSection(ProjectConfigurationPlatforms) = postSolution
		{87B96248-9C27-4243-8992-17D7AEB525F6}.Debug|Any CPU.ActiveCfg = Debug|Any CPU
		{87B96248-9C27-4243-8992-17D7AEB525F6}.Debug|Any CPU.Build.0 = Debug|Any CPU
		{87B96248-9C27-4243-8992-17D7AEB525F6}.Release|Any CPU.ActiveCfg = Release|Any CPU
		{87B96248-9C27-4243-8992-17D7AEB525F6}.Release|Any CPU.Build.0 = Release|Any CPU
		{75D16AF6-C430-42A4-9F61-263A5BF008DE}.Debug|Any CPU.ActiveCfg = Debug|Any CPU
		{75D16AF6-C430-42A4-9F61-263A5BF008DE}.Debug|Any CPU.Build.0 = Debug|Any CPU
		{75D16AF6-C430-42A4-9F61-263A5BF008DE}.Release|Any CPU.ActiveCfg = Release|Any CPU
		{75D16AF6-C430-42A4-9F61-263A5BF008DE}.Release|Any CPU.Build.0 = Release|Any CPU
		{FEC8A9E4-3B47-460C-A065-82EF3A6B9B46}.Debug|Any CPU.ActiveCfg = Debug|Any CPU
		{FEC8A9E4-3B47-460C-A065-82EF3A6B9B46}.Debug|Any CPU.Build.0 = Debug|Any CPU
		{FEC8A9E4-3B47-460C-A065-82EF3A6B9B46}.Release|Any CPU.ActiveCfg = Release|Any CPU
		{FEC8A9E4-3B47-460C-A065-82EF3A6B9B46}.Release|Any CPU.Build.0 = Release|Any CPU
	EndGlobalSection
	GlobalSection(SolutionProperties) = preSolution
		HideSolutionNode = FALSE
	EndGlobalSection
EndGlobal
