
Microsoft Visual Studio Solution File, Format Version 12.00
# Visual Studio 2013
VisualStudioVersion = 12.0.31101.0
MinimumVisualStudioVersion = 10.0.40219.1
Project("{FAE04EC0-301F-11D3-BF4B-00C04F79EFBC}") = "1. Class Size in Csharp", "1. Class Size in Csharp\1. Class Size in Csharp.csproj", "{155815B8-4781-4F16-9FB6-2C56BB14C817}"
EndProject
Project("{FAE04EC0-301F-11D3-BF4B-00C04F79EFBC}") = "2. Method PrintStatistics in CSharp", "2. Method PrintStatistics in CSharp\2. Method PrintStatistics in CSharp.csproj", "{3B1519A4-3F05-4F43-8666-506AD2974CE6}"
EndProject
Global
	GlobalSection(SolutionConfigurationPlatforms) = preSolution
		Debug|Any CPU = Debug|Any CPU
		Release|Any CPU = Release|Any CPU
	EndGlobalSection
	GlobalSection(ProjectConfigurationPlatforms) = postSolution
		{155815B8-4781-4F16-9FB6-2C56BB14C817}.Debug|Any CPU.ActiveCfg = Debug|Any CPU
		{155815B8-4781-4F16-9FB6-2C56BB14C817}.Debug|Any CPU.Build.0 = Debug|Any CPU
		{155815B8-4781-4F16-9FB6-2C56BB14C817}.Release|Any CPU.ActiveCfg = Release|Any CPU
		{155815B8-4781-4F16-9FB6-2C56BB14C817}.Release|Any CPU.Build.0 = Release|Any CPU
		{3B1519A4-3F05-4F43-8666-506AD2974CE6}.Debug|Any CPU.ActiveCfg = Debug|Any CPU
		{3B1519A4-3F05-4F43-8666-506AD2974CE6}.Debug|Any CPU.Build.0 = Debug|Any CPU
		{3B1519A4-3F05-4F43-8666-506AD2974CE6}.Release|Any CPU.ActiveCfg = Release|Any CPU
		{3B1519A4-3F05-4F43-8666-506AD2974CE6}.Release|Any CPU.Build.0 = Release|Any CPU
	EndGlobalSection
	GlobalSection(SolutionProperties) = preSolution
		HideSolutionNode = FALSE
	EndGlobalSection
EndGlobal
