
Microsoft Visual Studio Solution File, Format Version 12.00
# Visual Studio 14
VisualStudioVersion = 14.0.23107.0
MinimumVisualStudioVersion = 10.0.40219.1
Project("{FAE04EC0-301F-11D3-BF4B-00C04F79EFBC}") = "ArtistSystem.Services", "ArtistSystem.Services\ArtistSystem.Services.csproj", "{2689C330-5E01-406C-B13B-4984F24A8C0C}"
EndProject
Project("{FAE04EC0-301F-11D3-BF4B-00C04F79EFBC}") = "ArtistSystem.Models", "ArtistSystem.Models\ArtistSystem.Models.csproj", "{A2DF8EAC-F7B0-4078-9496-13D342851F66}"
EndProject
Project("{FAE04EC0-301F-11D3-BF4B-00C04F79EFBC}") = "ArtistSystem.Data", "ArtistSystem.Data\ArtistSystem.Data.csproj", "{464CD678-1FC5-4175-8EF2-7C2E8465B6C0}"
EndProject
Project("{FAE04EC0-301F-11D3-BF4B-00C04F79EFBC}") = "ConsoleClient", "ConsoleClient\ConsoleClient.csproj", "{42FA0BBC-7B0D-4DD6-8995-7F3A08E2362B}"
EndProject
Global
	GlobalSection(SolutionConfigurationPlatforms) = preSolution
		Debug|Any CPU = Debug|Any CPU
		Release|Any CPU = Release|Any CPU
	EndGlobalSection
	GlobalSection(ProjectConfigurationPlatforms) = postSolution
		{2689C330-5E01-406C-B13B-4984F24A8C0C}.Debug|Any CPU.ActiveCfg = Debug|Any CPU
		{2689C330-5E01-406C-B13B-4984F24A8C0C}.Debug|Any CPU.Build.0 = Debug|Any CPU
		{2689C330-5E01-406C-B13B-4984F24A8C0C}.Release|Any CPU.ActiveCfg = Release|Any CPU
		{2689C330-5E01-406C-B13B-4984F24A8C0C}.Release|Any CPU.Build.0 = Release|Any CPU
		{A2DF8EAC-F7B0-4078-9496-13D342851F66}.Debug|Any CPU.ActiveCfg = Debug|Any CPU
		{A2DF8EAC-F7B0-4078-9496-13D342851F66}.Debug|Any CPU.Build.0 = Debug|Any CPU
		{A2DF8EAC-F7B0-4078-9496-13D342851F66}.Release|Any CPU.ActiveCfg = Release|Any CPU
		{A2DF8EAC-F7B0-4078-9496-13D342851F66}.Release|Any CPU.Build.0 = Release|Any CPU
		{464CD678-1FC5-4175-8EF2-7C2E8465B6C0}.Debug|Any CPU.ActiveCfg = Debug|Any CPU
		{464CD678-1FC5-4175-8EF2-7C2E8465B6C0}.Debug|Any CPU.Build.0 = Debug|Any CPU
		{464CD678-1FC5-4175-8EF2-7C2E8465B6C0}.Release|Any CPU.ActiveCfg = Release|Any CPU
		{464CD678-1FC5-4175-8EF2-7C2E8465B6C0}.Release|Any CPU.Build.0 = Release|Any CPU
		{42FA0BBC-7B0D-4DD6-8995-7F3A08E2362B}.Debug|Any CPU.ActiveCfg = Debug|Any CPU
		{42FA0BBC-7B0D-4DD6-8995-7F3A08E2362B}.Debug|Any CPU.Build.0 = Debug|Any CPU
		{42FA0BBC-7B0D-4DD6-8995-7F3A08E2362B}.Release|Any CPU.ActiveCfg = Release|Any CPU
		{42FA0BBC-7B0D-4DD6-8995-7F3A08E2362B}.Release|Any CPU.Build.0 = Release|Any CPU
	EndGlobalSection
	GlobalSection(SolutionProperties) = preSolution
		HideSolutionNode = FALSE
	EndGlobalSection
EndGlobal
