
Microsoft Visual Studio Solution File, Format Version 12.00
# Visual Studio 2013
VisualStudioVersion = 12.0.31101.0
MinimumVisualStudioVersion = 10.0.40219.1
Project("{FAE04EC0-301F-11D3-BF4B-00C04F79EFBC}") = "01.class123inCsharp", "01.class123inCsharp\01.class123inCsharp.csproj", "{7F2E8CDF-50B1-4EB1-89F3-7FAD946F720C}"
EndProject
Project("{FAE04EC0-301F-11D3-BF4B-00C04F79EFBC}") = "02. Make_ЧуекinCSharp", "02. Make_ЧуекinCSharp\02. Make_ЧуекinCSharp.csproj", "{D3E4B799-5A32-46B6-96D1-9F2CD3E1755A}"
EndProject
Project("{FAE04EC0-301F-11D3-BF4B-00C04F79EFBC}") = "04.RefactorAndImproveTheCode", "04.RefactorAndImproveTheCode\04.RefactorAndImproveTheCode.csproj", "{47C9CB76-43C9-4040-B449-9FA7B25895B7}"
EndProject
Global
	GlobalSection(SolutionConfigurationPlatforms) = preSolution
		Debug|Any CPU = Debug|Any CPU
		Release|Any CPU = Release|Any CPU
	EndGlobalSection
	GlobalSection(ProjectConfigurationPlatforms) = postSolution
		{7F2E8CDF-50B1-4EB1-89F3-7FAD946F720C}.Debug|Any CPU.ActiveCfg = Debug|Any CPU
		{7F2E8CDF-50B1-4EB1-89F3-7FAD946F720C}.Debug|Any CPU.Build.0 = Debug|Any CPU
		{7F2E8CDF-50B1-4EB1-89F3-7FAD946F720C}.Release|Any CPU.ActiveCfg = Release|Any CPU
		{7F2E8CDF-50B1-4EB1-89F3-7FAD946F720C}.Release|Any CPU.Build.0 = Release|Any CPU
		{D3E4B799-5A32-46B6-96D1-9F2CD3E1755A}.Debug|Any CPU.ActiveCfg = Debug|Any CPU
		{D3E4B799-5A32-46B6-96D1-9F2CD3E1755A}.Debug|Any CPU.Build.0 = Debug|Any CPU
		{D3E4B799-5A32-46B6-96D1-9F2CD3E1755A}.Release|Any CPU.ActiveCfg = Release|Any CPU
		{D3E4B799-5A32-46B6-96D1-9F2CD3E1755A}.Release|Any CPU.Build.0 = Release|Any CPU
		{47C9CB76-43C9-4040-B449-9FA7B25895B7}.Debug|Any CPU.ActiveCfg = Debug|Any CPU
		{47C9CB76-43C9-4040-B449-9FA7B25895B7}.Debug|Any CPU.Build.0 = Debug|Any CPU
		{47C9CB76-43C9-4040-B449-9FA7B25895B7}.Release|Any CPU.ActiveCfg = Release|Any CPU
		{47C9CB76-43C9-4040-B449-9FA7B25895B7}.Release|Any CPU.Build.0 = Release|Any CPU
	EndGlobalSection
	GlobalSection(SolutionProperties) = preSolution
		HideSolutionNode = FALSE
	EndGlobalSection
EndGlobal
