
Microsoft Visual Studio Solution File, Format Version 12.00
# Visual Studio 2013
VisualStudioVersion = 12.0.31101.0
MinimumVisualStudioVersion = 10.0.40219.1
Project("{2150E333-8FDC-42A3-9474-1A3956D46DE8}") = "Solution Items", "Solution Items", "{5FD334A0-6ACC-4C14-8E8B-47ED6456CC38}"
	ProjectSection(SolutionItems) = preProject
		Catalogue.xml = Catalogue.xml
	EndProjectSection
EndProject
Project("{FAE04EC0-301F-11D3-BF4B-00C04F79EFBC}") = "02.ExtractArtists", "02.ExtractArtists\02.ExtractArtists.csproj", "{42F8C647-8A8F-46C4-AF3F-BADDCE9E08E3}"
EndProject
Project("{FAE04EC0-301F-11D3-BF4B-00C04F79EFBC}") = "03.ExtractingArtistsWithXpath", "03.ExtractingArtistsWithXpath\03.ExtractingArtistsWithXpath.csproj", "{0EA893B0-3B99-47AB-911A-D870C2FAC6D5}"
EndProject
Project("{FAE04EC0-301F-11D3-BF4B-00C04F79EFBC}") = "04.DeletingFromCatalog", "04.DeletingFromCatalog\04.DeletingFromCatalog.csproj", "{35EBF4AD-22A0-4392-A25A-4821CB8F073C}"
EndProject
Global
	GlobalSection(SolutionConfigurationPlatforms) = preSolution
		Debug|Any CPU = Debug|Any CPU
		Release|Any CPU = Release|Any CPU
	EndGlobalSection
	GlobalSection(ProjectConfigurationPlatforms) = postSolution
		{42F8C647-8A8F-46C4-AF3F-BADDCE9E08E3}.Debug|Any CPU.ActiveCfg = Debug|Any CPU
		{42F8C647-8A8F-46C4-AF3F-BADDCE9E08E3}.Debug|Any CPU.Build.0 = Debug|Any CPU
		{42F8C647-8A8F-46C4-AF3F-BADDCE9E08E3}.Release|Any CPU.ActiveCfg = Release|Any CPU
		{42F8C647-8A8F-46C4-AF3F-BADDCE9E08E3}.Release|Any CPU.Build.0 = Release|Any CPU
		{0EA893B0-3B99-47AB-911A-D870C2FAC6D5}.Debug|Any CPU.ActiveCfg = Debug|Any CPU
		{0EA893B0-3B99-47AB-911A-D870C2FAC6D5}.Debug|Any CPU.Build.0 = Debug|Any CPU
		{0EA893B0-3B99-47AB-911A-D870C2FAC6D5}.Release|Any CPU.ActiveCfg = Release|Any CPU
		{0EA893B0-3B99-47AB-911A-D870C2FAC6D5}.Release|Any CPU.Build.0 = Release|Any CPU
		{35EBF4AD-22A0-4392-A25A-4821CB8F073C}.Debug|Any CPU.ActiveCfg = Debug|Any CPU
		{35EBF4AD-22A0-4392-A25A-4821CB8F073C}.Debug|Any CPU.Build.0 = Debug|Any CPU
		{35EBF4AD-22A0-4392-A25A-4821CB8F073C}.Release|Any CPU.ActiveCfg = Release|Any CPU
		{35EBF4AD-22A0-4392-A25A-4821CB8F073C}.Release|Any CPU.Build.0 = Release|Any CPU
	EndGlobalSection
	GlobalSection(SolutionProperties) = preSolution
		HideSolutionNode = FALSE
	EndGlobalSection
EndGlobal
